
Microsoft Visual Studio Solution File, Format Version 12.00
# Visual Studio Version 16
VisualStudioVersion = 16.0.28803.202
MinimumVisualStudioVersion = 10.0.40219.1
Project("{FAE04EC0-301F-11D3-BF4B-00C04F79EFBC}") = "5", "5\5.csproj", "{B99D979B-F9B8-4F67-A2DB-CC907D4A8F5E}"
EndProject
Global
	GlobalSection(SolutionConfigurationPlatforms) = preSolution
		Debug|Any CPU = Debug|Any CPU
		Release|Any CPU = Release|Any CPU
	EndGlobalSection
	GlobalSection(ProjectConfigurationPlatforms) = postSolution
		{B99D979B-F9B8-4F67-A2DB-CC907D4A8F5E}.Debug|Any CPU.ActiveCfg = Debug|Any CPU
		{B99D979B-F9B8-4F67-A2DB-CC907D4A8F5E}.Debug|Any CPU.Build.0 = Debug|Any CPU
		{B99D979B-F9B8-4F67-A2DB-CC907D4A8F5E}.Release|Any CPU.ActiveCfg = Release|Any CPU
		{B99D979B-F9B8-4F67-A2DB-CC907D4A8F5E}.Release|Any CPU.Build.0 = Release|Any CPU
	EndGlobalSection
	GlobalSection(SolutionProperties) = preSolution
		HideSolutionNode = FALSE
	EndGlobalSection
	GlobalSection(ExtensibilityGlobals) = postSolution
		SolutionGuid = {ABE50B94-0B1D-4784-A0DB-E5936CDD112D}
	EndGlobalSection
EndGlobal
